
Microsoft Visual Studio Solution File, Format Version 12.00
# Visual Studio Version 16
VisualStudioVersion = 16.0.29806.167
MinimumVisualStudioVersion = 10.0.40219.1
Project("{9A19103F-16F7-4668-BE54-9A1E7A4F7556}") = "PhoneBook.Api", "PhoneBook\PhoneBook.Api.csproj", "{68C12E30-AD38-41E8-974A-50558148DA90}"
EndProject
Project("{9A19103F-16F7-4668-BE54-9A1E7A4F7556}") = "PhoneBook.Application", "PhoneBook.Application\PhoneBook.Application.csproj", "{19F78D06-295B-4AFB-880B-126164A239AB}"
EndProject
Project("{9A19103F-16F7-4668-BE54-9A1E7A4F7556}") = "PhoneBook.Core", "PhoneBook.Core\PhoneBook.Core.csproj", "{E705FC61-08B1-4C9A-A63E-EA8C554446C7}"
EndProject
Project("{9A19103F-16F7-4668-BE54-9A1E7A4F7556}") = "PhoneBook.Infrastructure", "PhoneBook.Infrastructure\PhoneBook.Infrastructure.csproj", "{324490D9-B403-46CE-9820-9139DB5F15C9}"
EndProject
Project("{9A19103F-16F7-4668-BE54-9A1E7A4F7556}") = "PhoneBook.Test", "PhoneBook.Test\PhoneBook.Test.csproj", "{F63F994E-AD36-4BF7-BB88-7C88250C372F}"
EndProject
Project("{2150E333-8FDC-42A3-9474-1A3956D46DE8}") = "Solution Items", "Solution Items", "{987E7F7C-4119-4509-A79E-1F676AF4CA3C}"
	ProjectSection(SolutionItems) = preProject
		README.txt = README.txt
	EndProjectSection
EndProject
Global
	GlobalSection(SolutionConfigurationPlatforms) = preSolution
		Debug|Any CPU = Debug|Any CPU
		Release|Any CPU = Release|Any CPU
	EndGlobalSection
	GlobalSection(ProjectConfigurationPlatforms) = postSolution
		{68C12E30-AD38-41E8-974A-50558148DA90}.Debug|Any CPU.ActiveCfg = Debug|Any CPU
		{68C12E30-AD38-41E8-974A-50558148DA90}.Debug|Any CPU.Build.0 = Debug|Any CPU
		{68C12E30-AD38-41E8-974A-50558148DA90}.Release|Any CPU.ActiveCfg = Release|Any CPU
		{68C12E30-AD38-41E8-974A-50558148DA90}.Release|Any CPU.Build.0 = Release|Any CPU
		{19F78D06-295B-4AFB-880B-126164A239AB}.Debug|Any CPU.ActiveCfg = Debug|Any CPU
		{19F78D06-295B-4AFB-880B-126164A239AB}.Debug|Any CPU.Build.0 = Debug|Any CPU
		{19F78D06-295B-4AFB-880B-126164A239AB}.Release|Any CPU.ActiveCfg = Release|Any CPU
		{19F78D06-295B-4AFB-880B-126164A239AB}.Release|Any CPU.Build.0 = Release|Any CPU
		{E705FC61-08B1-4C9A-A63E-EA8C554446C7}.Debug|Any CPU.ActiveCfg = Debug|Any CPU
		{E705FC61-08B1-4C9A-A63E-EA8C554446C7}.Debug|Any CPU.Build.0 = Debug|Any CPU
		{E705FC61-08B1-4C9A-A63E-EA8C554446C7}.Release|Any CPU.ActiveCfg = Release|Any CPU
		{E705FC61-08B1-4C9A-A63E-EA8C554446C7}.Release|Any CPU.Build.0 = Release|Any CPU
		{324490D9-B403-46CE-9820-9139DB5F15C9}.Debug|Any CPU.ActiveCfg = Debug|Any CPU
		{324490D9-B403-46CE-9820-9139DB5F15C9}.Debug|Any CPU.Build.0 = Debug|Any CPU
		{324490D9-B403-46CE-9820-9139DB5F15C9}.Release|Any CPU.ActiveCfg = Release|Any CPU
		{324490D9-B403-46CE-9820-9139DB5F15C9}.Release|Any CPU.Build.0 = Release|Any CPU
		{F63F994E-AD36-4BF7-BB88-7C88250C372F}.Debug|Any CPU.ActiveCfg = Debug|Any CPU
		{F63F994E-AD36-4BF7-BB88-7C88250C372F}.Debug|Any CPU.Build.0 = Debug|Any CPU
		{F63F994E-AD36-4BF7-BB88-7C88250C372F}.Release|Any CPU.ActiveCfg = Release|Any CPU
		{F63F994E-AD36-4BF7-BB88-7C88250C372F}.Release|Any CPU.Build.0 = Release|Any CPU
	EndGlobalSection
	GlobalSection(SolutionProperties) = preSolution
		HideSolutionNode = FALSE
	EndGlobalSection
	GlobalSection(ExtensibilityGlobals) = postSolution
		SolutionGuid = {75684B73-7A7A-4C05-A075-1CA6677117D9}
	EndGlobalSection
EndGlobal
